
Microsoft Visual Studio Solution File, Format Version 12.00
# Visual Studio 14
VisualStudioVersion = 14.0.25420.1
MinimumVisualStudioVersion = 10.0.40219.1
Project("{FAE04EC0-301F-11D3-BF4B-00C04F79EFBC}") = "Imaging.Library", "Imaging.Library\Imaging.Library.csproj", "{E0AFFF7A-47B5-4BAC-8FC4-954302C08624}"
EndProject
Project("{2150E333-8FDC-42A3-9474-1A3956D46DE8}") = "samples", "samples", "{2D70E54D-D083-4078-A04C-AB5C1CDBDD5E}"
EndProject
Project("{FAE04EC0-301F-11D3-BF4B-00C04F79EFBC}") = "EdgeDetection", "..\samples\Wpf\EdgeDetection\EdgeDetection.csproj", "{6293D115-4619-4E28-9C78-7AF848526F91}"
EndProject
Project("{2150E333-8FDC-42A3-9474-1A3956D46DE8}") = "WPF", "WPF", "{75931991-493F-47C4-8205-352349F2F0A3}"
EndProject
Project("{2150E333-8FDC-42A3-9474-1A3956D46DE8}") = "Xamarin", "Xamarin", "{7D7338EA-A3F5-44C9-8BB5-8FF4342A8D21}"
EndProject
Project("{FAE04EC0-301F-11D3-BF4B-00C04F79EFBC}") = "EdgeDetection.Android", "..\samples\Xamarin\EdgeDetection.Android\EdgeDetection.Android.csproj", "{2D8602D4-5D2C-4658-9132-48D4784CA559}"
EndProject
Project("{FAE04EC0-301F-11D3-BF4B-00C04F79EFBC}") = "EdgeDetection.Forms", "..\samples\Xamarin\EdgeDetection.Forms\EdgeDetection.Forms\EdgeDetection.Forms.csproj", "{57A986AB-0C7F-4E81-B64D-B0C4B4EA38B6}"
EndProject
Project("{2150E333-8FDC-42A3-9474-1A3956D46DE8}") = "Forms", "Forms", "{D7332BD1-7525-4C6C-8B61-21E12FBCB3CE}"
EndProject
Project("{2150E333-8FDC-42A3-9474-1A3956D46DE8}") = "Android", "Android", "{DBE2B89C-EDA9-41F8-8A04-9C33F88C9FBE}"
EndProject
Project("{FAE04EC0-301F-11D3-BF4B-00C04F79EFBC}") = "EdgeDetection.Forms.Android", "..\samples\Xamarin\EdgeDetection.Forms\Android\EdgeDetection.Forms.Android.csproj", "{A84E29D6-D38B-4829-8DE6-B1F7DE6F69C3}"
EndProject
Project("{FAE04EC0-301F-11D3-BF4B-00C04F79EFBC}") = "EdgeDetection.Forms.iOS", "..\samples\Xamarin\EdgeDetection.Forms\iOS\EdgeDetection.Forms.iOS.csproj", "{3B80E1D5-D171-4284-8E4A-A8BF3C3CD2F3}"
EndProject
Global
	GlobalSection(SolutionConfigurationPlatforms) = preSolution
		Ad-Hoc|Any CPU = Ad-Hoc|Any CPU
		Ad-Hoc|iPhone = Ad-Hoc|iPhone
		Ad-Hoc|iPhoneSimulator = Ad-Hoc|iPhoneSimulator
		AppStore|Any CPU = AppStore|Any CPU
		AppStore|iPhone = AppStore|iPhone
		AppStore|iPhoneSimulator = AppStore|iPhoneSimulator
		Debug|Any CPU = Debug|Any CPU
		Debug|iPhone = Debug|iPhone
		Debug|iPhoneSimulator = Debug|iPhoneSimulator
		Release|Any CPU = Release|Any CPU
		Release|iPhone = Release|iPhone
		Release|iPhoneSimulator = Release|iPhoneSimulator
	EndGlobalSection
	GlobalSection(ProjectConfigurationPlatforms) = postSolution
		{E0AFFF7A-47B5-4BAC-8FC4-954302C08624}.Ad-Hoc|Any CPU.ActiveCfg = Release|Any CPU
		{E0AFFF7A-47B5-4BAC-8FC4-954302C08624}.Ad-Hoc|Any CPU.Build.0 = Release|Any CPU
		{E0AFFF7A-47B5-4BAC-8FC4-954302C08624}.Ad-Hoc|iPhone.ActiveCfg = Release|Any CPU
		{E0AFFF7A-47B5-4BAC-8FC4-954302C08624}.Ad-Hoc|iPhone.Build.0 = Release|Any CPU
		{E0AFFF7A-47B5-4BAC-8FC4-954302C08624}.Ad-Hoc|iPhoneSimulator.ActiveCfg = Release|Any CPU
		{E0AFFF7A-47B5-4BAC-8FC4-954302C08624}.Ad-Hoc|iPhoneSimulator.Build.0 = Release|Any CPU
		{E0AFFF7A-47B5-4BAC-8FC4-954302C08624}.AppStore|Any CPU.ActiveCfg = Release|Any CPU
		{E0AFFF7A-47B5-4BAC-8FC4-954302C08624}.AppStore|Any CPU.Build.0 = Release|Any CPU
		{E0AFFF7A-47B5-4BAC-8FC4-954302C08624}.AppStore|iPhone.ActiveCfg = Release|Any CPU
		{E0AFFF7A-47B5-4BAC-8FC4-954302C08624}.AppStore|iPhone.Build.0 = Release|Any CPU
		{E0AFFF7A-47B5-4BAC-8FC4-954302C08624}.AppStore|iPhoneSimulator.ActiveCfg = Release|Any CPU
		{E0AFFF7A-47B5-4BAC-8FC4-954302C08624}.AppStore|iPhoneSimulator.Build.0 = Release|Any CPU
		{E0AFFF7A-47B5-4BAC-8FC4-954302C08624}.Debug|Any CPU.ActiveCfg = Debug|Any CPU
		{E0AFFF7A-47B5-4BAC-8FC4-954302C08624}.Debug|Any CPU.Build.0 = Debug|Any CPU
		{E0AFFF7A-47B5-4BAC-8FC4-954302C08624}.Debug|iPhone.ActiveCfg = Debug|Any CPU
		{E0AFFF7A-47B5-4BAC-8FC4-954302C08624}.Debug|iPhone.Build.0 = Debug|Any CPU
		{E0AFFF7A-47B5-4BAC-8FC4-954302C08624}.Debug|iPhoneSimulator.ActiveCfg = Debug|Any CPU
		{E0AFFF7A-47B5-4BAC-8FC4-954302C08624}.Debug|iPhoneSimulator.Build.0 = Debug|Any CPU
		{E0AFFF7A-47B5-4BAC-8FC4-954302C08624}.Release|Any CPU.ActiveCfg = Release|Any CPU
		{E0AFFF7A-47B5-4BAC-8FC4-954302C08624}.Release|Any CPU.Build.0 = Release|Any CPU
		{E0AFFF7A-47B5-4BAC-8FC4-954302C08624}.Release|iPhone.ActiveCfg = Release|Any CPU
		{E0AFFF7A-47B5-4BAC-8FC4-954302C08624}.Release|iPhone.Build.0 = Release|Any CPU
		{E0AFFF7A-47B5-4BAC-8FC4-954302C08624}.Release|iPhoneSimulator.ActiveCfg = Release|Any CPU
		{E0AFFF7A-47B5-4BAC-8FC4-954302C08624}.Release|iPhoneSimulator.Build.0 = Release|Any CPU
		{6293D115-4619-4E28-9C78-7AF848526F91}.Ad-Hoc|Any CPU.ActiveCfg = Release|Any CPU
		{6293D115-4619-4E28-9C78-7AF848526F91}.Ad-Hoc|Any CPU.Build.0 = Release|Any CPU
		{6293D115-4619-4E28-9C78-7AF848526F91}.Ad-Hoc|iPhone.ActiveCfg = Release|Any CPU
		{6293D115-4619-4E28-9C78-7AF848526F91}.Ad-Hoc|iPhone.Build.0 = Release|Any CPU
		{6293D115-4619-4E28-9C78-7AF848526F91}.Ad-Hoc|iPhoneSimulator.ActiveCfg = Release|Any CPU
		{6293D115-4619-4E28-9C78-7AF848526F91}.Ad-Hoc|iPhoneSimulator.Build.0 = Release|Any CPU
		{6293D115-4619-4E28-9C78-7AF848526F91}.AppStore|Any CPU.ActiveCfg = Release|Any CPU
		{6293D115-4619-4E28-9C78-7AF848526F91}.AppStore|Any CPU.Build.0 = Release|Any CPU
		{6293D115-4619-4E28-9C78-7AF848526F91}.AppStore|iPhone.ActiveCfg = Release|Any CPU
		{6293D115-4619-4E28-9C78-7AF848526F91}.AppStore|iPhone.Build.0 = Release|Any CPU
		{6293D115-4619-4E28-9C78-7AF848526F91}.AppStore|iPhoneSimulator.ActiveCfg = Release|Any CPU
		{6293D115-4619-4E28-9C78-7AF848526F91}.AppStore|iPhoneSimulator.Build.0 = Release|Any CPU
		{6293D115-4619-4E28-9C78-7AF848526F91}.Debug|Any CPU.ActiveCfg = Debug|Any CPU
		{6293D115-4619-4E28-9C78-7AF848526F91}.Debug|Any CPU.Build.0 = Debug|Any CPU
		{6293D115-4619-4E28-9C78-7AF848526F91}.Debug|iPhone.ActiveCfg = Debug|Any CPU
		{6293D115-4619-4E28-9C78-7AF848526F91}.Debug|iPhone.Build.0 = Debug|Any CPU
		{6293D115-4619-4E28-9C78-7AF848526F91}.Debug|iPhoneSimulator.ActiveCfg = Debug|Any CPU
		{6293D115-4619-4E28-9C78-7AF848526F91}.Debug|iPhoneSimulator.Build.0 = Debug|Any CPU
		{6293D115-4619-4E28-9C78-7AF848526F91}.Release|Any CPU.ActiveCfg = Release|Any CPU
		{6293D115-4619-4E28-9C78-7AF848526F91}.Release|Any CPU.Build.0 = Release|Any CPU
		{6293D115-4619-4E28-9C78-7AF848526F91}.Release|iPhone.ActiveCfg = Release|Any CPU
		{6293D115-4619-4E28-9C78-7AF848526F91}.Release|iPhone.Build.0 = Release|Any CPU
		{6293D115-4619-4E28-9C78-7AF848526F91}.Release|iPhoneSimulator.ActiveCfg = Release|Any CPU
		{6293D115-4619-4E28-9C78-7AF848526F91}.Release|iPhoneSimulator.Build.0 = Release|Any CPU
		{2D8602D4-5D2C-4658-9132-48D4784CA559}.Ad-Hoc|Any CPU.ActiveCfg = Release|Any CPU
		{2D8602D4-5D2C-4658-9132-48D4784CA559}.Ad-Hoc|Any CPU.Build.0 = Release|Any CPU
		{2D8602D4-5D2C-4658-9132-48D4784CA559}.Ad-Hoc|Any CPU.Deploy.0 = Release|Any CPU
		{2D8602D4-5D2C-4658-9132-48D4784CA559}.Ad-Hoc|iPhone.ActiveCfg = Release|Any CPU
		{2D8602D4-5D2C-4658-9132-48D4784CA559}.Ad-Hoc|iPhone.Build.0 = Release|Any CPU
		{2D8602D4-5D2C-4658-9132-48D4784CA559}.Ad-Hoc|iPhone.Deploy.0 = Release|Any CPU
		{2D8602D4-5D2C-4658-9132-48D4784CA559}.Ad-Hoc|iPhoneSimulator.ActiveCfg = Release|Any CPU
		{2D8602D4-5D2C-4658-9132-48D4784CA559}.Ad-Hoc|iPhoneSimulator.Build.0 = Release|Any CPU
		{2D8602D4-5D2C-4658-9132-48D4784CA559}.Ad-Hoc|iPhoneSimulator.Deploy.0 = Release|Any CPU
		{2D8602D4-5D2C-4658-9132-48D4784CA559}.AppStore|Any CPU.ActiveCfg = Release|Any CPU
		{2D8602D4-5D2C-4658-9132-48D4784CA559}.AppStore|Any CPU.Build.0 = Release|Any CPU
		{2D8602D4-5D2C-4658-9132-48D4784CA559}.AppStore|Any CPU.Deploy.0 = Release|Any CPU
		{2D8602D4-5D2C-4658-9132-48D4784CA559}.AppStore|iPhone.ActiveCfg = Release|Any CPU
		{2D8602D4-5D2C-4658-9132-48D4784CA559}.AppStore|iPhone.Build.0 = Release|Any CPU
		{2D8602D4-5D2C-4658-9132-48D4784CA559}.AppStore|iPhone.Deploy.0 = Release|Any CPU
		{2D8602D4-5D2C-4658-9132-48D4784CA559}.AppStore|iPhoneSimulator.ActiveCfg = Release|Any CPU
		{2D8602D4-5D2C-4658-9132-48D4784CA559}.AppStore|iPhoneSimulator.Build.0 = Release|Any CPU
		{2D8602D4-5D2C-4658-9132-48D4784CA559}.AppStore|iPhoneSimulator.Deploy.0 = Release|Any CPU
		{2D8602D4-5D2C-4658-9132-48D4784CA559}.Debug|Any CPU.ActiveCfg = Debug|Any CPU
		{2D8602D4-5D2C-4658-9132-48D4784CA559}.Debug|Any CPU.Build.0 = Debug|Any CPU
		{2D8602D4-5D2C-4658-9132-48D4784CA559}.Debug|Any CPU.Deploy.0 = Debug|Any CPU
		{2D8602D4-5D2C-4658-9132-48D4784CA559}.Debug|iPhone.ActiveCfg = Debug|Any CPU
		{2D8602D4-5D2C-4658-9132-48D4784CA559}.Debug|iPhone.Build.0 = Debug|Any CPU
		{2D8602D4-5D2C-4658-9132-48D4784CA559}.Debug|iPhone.Deploy.0 = Debug|Any CPU
		{2D8602D4-5D2C-4658-9132-48D4784CA559}.Debug|iPhoneSimulator.ActiveCfg = Debug|Any CPU
		{2D8602D4-5D2C-4658-9132-48D4784CA559}.Debug|iPhoneSimulator.Build.0 = Debug|Any CPU
		{2D8602D4-5D2C-4658-9132-48D4784CA559}.Debug|iPhoneSimulator.Deploy.0 = Debug|Any CPU
		{2D8602D4-5D2C-4658-9132-48D4784CA559}.Release|Any CPU.ActiveCfg = Release|Any CPU
		{2D8602D4-5D2C-4658-9132-48D4784CA559}.Release|Any CPU.Build.0 = Release|Any CPU
		{2D8602D4-5D2C-4658-9132-48D4784CA559}.Release|Any CPU.Deploy.0 = Release|Any CPU
		{2D8602D4-5D2C-4658-9132-48D4784CA559}.Release|iPhone.ActiveCfg = Release|Any CPU
		{2D8602D4-5D2C-4658-9132-48D4784CA559}.Release|iPhone.Build.0 = Release|Any CPU
		{2D8602D4-5D2C-4658-9132-48D4784CA559}.Release|iPhone.Deploy.0 = Release|Any CPU
		{2D8602D4-5D2C-4658-9132-48D4784CA559}.Release|iPhoneSimulator.ActiveCfg = Release|Any CPU
		{2D8602D4-5D2C-4658-9132-48D4784CA559}.Release|iPhoneSimulator.Build.0 = Release|Any CPU
		{2D8602D4-5D2C-4658-9132-48D4784CA559}.Release|iPhoneSimulator.Deploy.0 = Release|Any CPU
		{57A986AB-0C7F-4E81-B64D-B0C4B4EA38B6}.Ad-Hoc|Any CPU.ActiveCfg = Release|Any CPU
		{57A986AB-0C7F-4E81-B64D-B0C4B4EA38B6}.Ad-Hoc|Any CPU.Build.0 = Release|Any CPU
		{57A986AB-0C7F-4E81-B64D-B0C4B4EA38B6}.Ad-Hoc|iPhone.ActiveCfg = Release|Any CPU
		{57A986AB-0C7F-4E81-B64D-B0C4B4EA38B6}.Ad-Hoc|iPhone.Build.0 = Release|Any CPU
		{57A986AB-0C7F-4E81-B64D-B0C4B4EA38B6}.Ad-Hoc|iPhoneSimulator.ActiveCfg = Release|Any CPU
		{57A986AB-0C7F-4E81-B64D-B0C4B4EA38B6}.Ad-Hoc|iPhoneSimulator.Build.0 = Release|Any CPU
		{57A986AB-0C7F-4E81-B64D-B0C4B4EA38B6}.AppStore|Any CPU.ActiveCfg = Release|Any CPU
		{57A986AB-0C7F-4E81-B64D-B0C4B4EA38B6}.AppStore|Any CPU.Build.0 = Release|Any CPU
		{57A986AB-0C7F-4E81-B64D-B0C4B4EA38B6}.AppStore|iPhone.ActiveCfg = Release|Any CPU
		{57A986AB-0C7F-4E81-B64D-B0C4B4EA38B6}.AppStore|iPhone.Build.0 = Release|Any CPU
		{57A986AB-0C7F-4E81-B64D-B0C4B4EA38B6}.AppStore|iPhoneSimulator.ActiveCfg = Release|Any CPU
		{57A986AB-0C7F-4E81-B64D-B0C4B4EA38B6}.AppStore|iPhoneSimulator.Build.0 = Release|Any CPU
		{57A986AB-0C7F-4E81-B64D-B0C4B4EA38B6}.Debug|Any CPU.ActiveCfg = Debug|Any CPU
		{57A986AB-0C7F-4E81-B64D-B0C4B4EA38B6}.Debug|Any CPU.Build.0 = Debug|Any CPU
		{57A986AB-0C7F-4E81-B64D-B0C4B4EA38B6}.Debug|iPhone.ActiveCfg = Debug|Any CPU
		{57A986AB-0C7F-4E81-B64D-B0C4B4EA38B6}.Debug|iPhone.Build.0 = Debug|Any CPU
		{57A986AB-0C7F-4E81-B64D-B0C4B4EA38B6}.Debug|iPhoneSimulator.ActiveCfg = Debug|Any CPU
		{57A986AB-0C7F-4E81-B64D-B0C4B4EA38B6}.Debug|iPhoneSimulator.Build.0 = Debug|Any CPU
		{57A986AB-0C7F-4E81-B64D-B0C4B4EA38B6}.Release|Any CPU.ActiveCfg = Release|Any CPU
		{57A986AB-0C7F-4E81-B64D-B0C4B4EA38B6}.Release|Any CPU.Build.0 = Release|Any CPU
		{57A986AB-0C7F-4E81-B64D-B0C4B4EA38B6}.Release|iPhone.ActiveCfg = Release|Any CPU
		{57A986AB-0C7F-4E81-B64D-B0C4B4EA38B6}.Release|iPhone.Build.0 = Release|Any CPU
		{57A986AB-0C7F-4E81-B64D-B0C4B4EA38B6}.Release|iPhoneSimulator.ActiveCfg = Release|Any CPU
		{57A986AB-0C7F-4E81-B64D-B0C4B4EA38B6}.Release|iPhoneSimulator.Build.0 = Release|Any CPU
		{A84E29D6-D38B-4829-8DE6-B1F7DE6F69C3}.Ad-Hoc|Any CPU.ActiveCfg = Release|Any CPU
		{A84E29D6-D38B-4829-8DE6-B1F7DE6F69C3}.Ad-Hoc|Any CPU.Build.0 = Release|Any CPU
		{A84E29D6-D38B-4829-8DE6-B1F7DE6F69C3}.Ad-Hoc|Any CPU.Deploy.0 = Release|Any CPU
		{A84E29D6-D38B-4829-8DE6-B1F7DE6F69C3}.Ad-Hoc|iPhone.ActiveCfg = Release|Any CPU
		{A84E29D6-D38B-4829-8DE6-B1F7DE6F69C3}.Ad-Hoc|iPhone.Build.0 = Release|Any CPU
		{A84E29D6-D38B-4829-8DE6-B1F7DE6F69C3}.Ad-Hoc|iPhone.Deploy.0 = Release|Any CPU
		{A84E29D6-D38B-4829-8DE6-B1F7DE6F69C3}.Ad-Hoc|iPhoneSimulator.ActiveCfg = Release|Any CPU
		{A84E29D6-D38B-4829-8DE6-B1F7DE6F69C3}.Ad-Hoc|iPhoneSimulator.Build.0 = Release|Any CPU
		{A84E29D6-D38B-4829-8DE6-B1F7DE6F69C3}.Ad-Hoc|iPhoneSimulator.Deploy.0 = Release|Any CPU
		{A84E29D6-D38B-4829-8DE6-B1F7DE6F69C3}.AppStore|Any CPU.ActiveCfg = Release|Any CPU
		{A84E29D6-D38B-4829-8DE6-B1F7DE6F69C3}.AppStore|Any CPU.Build.0 = Release|Any CPU
		{A84E29D6-D38B-4829-8DE6-B1F7DE6F69C3}.AppStore|Any CPU.Deploy.0 = Release|Any CPU
		{A84E29D6-D38B-4829-8DE6-B1F7DE6F69C3}.AppStore|iPhone.ActiveCfg = Release|Any CPU
		{A84E29D6-D38B-4829-8DE6-B1F7DE6F69C3}.AppStore|iPhone.Build.0 = Release|Any CPU
		{A84E29D6-D38B-4829-8DE6-B1F7DE6F69C3}.AppStore|iPhone.Deploy.0 = Release|Any CPU
		{A84E29D6-D38B-4829-8DE6-B1F7DE6F69C3}.AppStore|iPhoneSimulator.ActiveCfg = Release|Any CPU
		{A84E29D6-D38B-4829-8DE6-B1F7DE6F69C3}.AppStore|iPhoneSimulator.Build.0 = Release|Any CPU
		{A84E29D6-D38B-4829-8DE6-B1F7DE6F69C3}.AppStore|iPhoneSimulator.Deploy.0 = Release|Any CPU
		{A84E29D6-D38B-4829-8DE6-B1F7DE6F69C3}.Debug|Any CPU.ActiveCfg = Debug|Any CPU
		{A84E29D6-D38B-4829-8DE6-B1F7DE6F69C3}.Debug|Any CPU.Build.0 = Debug|Any CPU
		{A84E29D6-D38B-4829-8DE6-B1F7DE6F69C3}.Debug|Any CPU.Deploy.0 = Debug|Any CPU
		{A84E29D6-D38B-4829-8DE6-B1F7DE6F69C3}.Debug|iPhone.ActiveCfg = Debug|Any CPU
		{A84E29D6-D38B-4829-8DE6-B1F7DE6F69C3}.Debug|iPhone.Build.0 = Debug|Any CPU
		{A84E29D6-D38B-4829-8DE6-B1F7DE6F69C3}.Debug|iPhone.Deploy.0 = Debug|Any CPU
		{A84E29D6-D38B-4829-8DE6-B1F7DE6F69C3}.Debug|iPhoneSimulator.ActiveCfg = Debug|Any CPU
		{A84E29D6-D38B-4829-8DE6-B1F7DE6F69C3}.Debug|iPhoneSimulator.Build.0 = Debug|Any CPU
		{A84E29D6-D38B-4829-8DE6-B1F7DE6F69C3}.Debug|iPhoneSimulator.Deploy.0 = Debug|Any CPU
		{A84E29D6-D38B-4829-8DE6-B1F7DE6F69C3}.Release|Any CPU.ActiveCfg = Release|Any CPU
		{A84E29D6-D38B-4829-8DE6-B1F7DE6F69C3}.Release|Any CPU.Build.0 = Release|Any CPU
		{A84E29D6-D38B-4829-8DE6-B1F7DE6F69C3}.Release|Any CPU.Deploy.0 = Release|Any CPU
		{A84E29D6-D38B-4829-8DE6-B1F7DE6F69C3}.Release|iPhone.ActiveCfg = Release|Any CPU
		{A84E29D6-D38B-4829-8DE6-B1F7DE6F69C3}.Release|iPhone.Build.0 = Release|Any CPU
		{A84E29D6-D38B-4829-8DE6-B1F7DE6F69C3}.Release|iPhone.Deploy.0 = Release|Any CPU
		{A84E29D6-D38B-4829-8DE6-B1F7DE6F69C3}.Release|iPhoneSimulator.ActiveCfg = Release|Any CPU
		{A84E29D6-D38B-4829-8DE6-B1F7DE6F69C3}.Release|iPhoneSimulator.Build.0 = Release|Any CPU
		{A84E29D6-D38B-4829-8DE6-B1F7DE6F69C3}.Release|iPhoneSimulator.Deploy.0 = Release|Any CPU
		{3B80E1D5-D171-4284-8E4A-A8BF3C3CD2F3}.Ad-Hoc|Any CPU.ActiveCfg = Ad-Hoc|iPhone
		{3B80E1D5-D171-4284-8E4A-A8BF3C3CD2F3}.Ad-Hoc|iPhone.ActiveCfg = Ad-Hoc|iPhone
		{3B80E1D5-D171-4284-8E4A-A8BF3C3CD2F3}.Ad-Hoc|iPhone.Build.0 = Ad-Hoc|iPhone
		{3B80E1D5-D171-4284-8E4A-A8BF3C3CD2F3}.Ad-Hoc|iPhoneSimulator.ActiveCfg = Ad-Hoc|iPhoneSimulator
		{3B80E1D5-D171-4284-8E4A-A8BF3C3CD2F3}.Ad-Hoc|iPhoneSimulator.Build.0 = Ad-Hoc|iPhoneSimulator
		{3B80E1D5-D171-4284-8E4A-A8BF3C3CD2F3}.AppStore|Any CPU.ActiveCfg = AppStore|iPhone
		{3B80E1D5-D171-4284-8E4A-A8BF3C3CD2F3}.AppStore|iPhone.ActiveCfg = AppStore|iPhone
		{3B80E1D5-D171-4284-8E4A-A8BF3C3CD2F3}.AppStore|iPhone.Build.0 = AppStore|iPhone
		{3B80E1D5-D171-4284-8E4A-A8BF3C3CD2F3}.AppStore|iPhoneSimulator.ActiveCfg = AppStore|iPhoneSimulator
		{3B80E1D5-D171-4284-8E4A-A8BF3C3CD2F3}.AppStore|iPhoneSimulator.Build.0 = AppStore|iPhoneSimulator
		{3B80E1D5-D171-4284-8E4A-A8BF3C3CD2F3}.Debug|Any CPU.ActiveCfg = Debug|iPhone
		{3B80E1D5-D171-4284-8E4A-A8BF3C3CD2F3}.Debug|iPhone.ActiveCfg = Debug|iPhone
		{3B80E1D5-D171-4284-8E4A-A8BF3C3CD2F3}.Debug|iPhone.Build.0 = Debug|iPhone
		{3B80E1D5-D171-4284-8E4A-A8BF3C3CD2F3}.Debug|iPhoneSimulator.ActiveCfg = Debug|iPhoneSimulator
		{3B80E1D5-D171-4284-8E4A-A8BF3C3CD2F3}.Debug|iPhoneSimulator.Build.0 = Debug|iPhoneSimulator
		{3B80E1D5-D171-4284-8E4A-A8BF3C3CD2F3}.Release|Any CPU.ActiveCfg = Release|iPhone
		{3B80E1D5-D171-4284-8E4A-A8BF3C3CD2F3}.Release|iPhone.ActiveCfg = Release|iPhone
		{3B80E1D5-D171-4284-8E4A-A8BF3C3CD2F3}.Release|iPhone.Build.0 = Release|iPhone
		{3B80E1D5-D171-4284-8E4A-A8BF3C3CD2F3}.Release|iPhoneSimulator.ActiveCfg = Release|iPhoneSimulator
		{3B80E1D5-D171-4284-8E4A-A8BF3C3CD2F3}.Release|iPhoneSimulator.Build.0 = Release|iPhoneSimulator
	EndGlobalSection
	GlobalSection(SolutionProperties) = preSolution
		HideSolutionNode = FALSE
	EndGlobalSection
	GlobalSection(NestedProjects) = preSolution
		{6293D115-4619-4E28-9C78-7AF848526F91} = {75931991-493F-47C4-8205-352349F2F0A3}
		{75931991-493F-47C4-8205-352349F2F0A3} = {2D70E54D-D083-4078-A04C-AB5C1CDBDD5E}
		{7D7338EA-A3F5-44C9-8BB5-8FF4342A8D21} = {2D70E54D-D083-4078-A04C-AB5C1CDBDD5E}
		{2D8602D4-5D2C-4658-9132-48D4784CA559} = {DBE2B89C-EDA9-41F8-8A04-9C33F88C9FBE}
		{57A986AB-0C7F-4E81-B64D-B0C4B4EA38B6} = {D7332BD1-7525-4C6C-8B61-21E12FBCB3CE}
		{D7332BD1-7525-4C6C-8B61-21E12FBCB3CE} = {7D7338EA-A3F5-44C9-8BB5-8FF4342A8D21}
		{DBE2B89C-EDA9-41F8-8A04-9C33F88C9FBE} = {7D7338EA-A3F5-44C9-8BB5-8FF4342A8D21}
		{A84E29D6-D38B-4829-8DE6-B1F7DE6F69C3} = {D7332BD1-7525-4C6C-8B61-21E12FBCB3CE}
		{3B80E1D5-D171-4284-8E4A-A8BF3C3CD2F3} = {D7332BD1-7525-4C6C-8B61-21E12FBCB3CE}
	EndGlobalSection
EndGlobal
