
Microsoft Visual Studio Solution File, Format Version 12.00
# Visual Studio 14
VisualStudioVersion = 14.0.25420.1
MinimumVisualStudioVersion = 10.0.40219.1
Project("{FAE04EC0-301F-11D3-BF4B-00C04F79EFBC}") = "Imaging.Library", "Imaging.Library\Imaging.Library.csproj", "{E0AFFF7A-47B5-4BAC-8FC4-954302C08624}"
EndProject
Project("{2150E333-8FDC-42A3-9474-1A3956D46DE8}") = "samples", "samples", "{2D70E54D-D083-4078-A04C-AB5C1CDBDD5E}"
EndProject
Project("{FAE04EC0-301F-11D3-BF4B-00C04F79EFBC}") = "EdgeDetection", "..\samples\Wpf\EdgeDetection\EdgeDetection.csproj", "{6293D115-4619-4E28-9C78-7AF848526F91}"
EndProject
Project("{2150E333-8FDC-42A3-9474-1A3956D46DE8}") = "WPF", "WPF", "{75931991-493F-47C4-8205-352349F2F0A3}"
EndProject
Global
	GlobalSection(SolutionConfigurationPlatforms) = preSolution
		Debug|Any CPU = Debug|Any CPU
		Release|Any CPU = Release|Any CPU
	EndGlobalSection
	GlobalSection(ProjectConfigurationPlatforms) = postSolution
		{E0AFFF7A-47B5-4BAC-8FC4-954302C08624}.Debug|Any CPU.ActiveCfg = Debug|Any CPU
		{E0AFFF7A-47B5-4BAC-8FC4-954302C08624}.Debug|Any CPU.Build.0 = Debug|Any CPU
		{E0AFFF7A-47B5-4BAC-8FC4-954302C08624}.Release|Any CPU.ActiveCfg = Release|Any CPU
		{E0AFFF7A-47B5-4BAC-8FC4-954302C08624}.Release|Any CPU.Build.0 = Release|Any CPU
		{6293D115-4619-4E28-9C78-7AF848526F91}.Debug|Any CPU.ActiveCfg = Debug|Any CPU
		{6293D115-4619-4E28-9C78-7AF848526F91}.Debug|Any CPU.Build.0 = Debug|Any CPU
		{6293D115-4619-4E28-9C78-7AF848526F91}.Release|Any CPU.ActiveCfg = Release|Any CPU
		{6293D115-4619-4E28-9C78-7AF848526F91}.Release|Any CPU.Build.0 = Release|Any CPU
	EndGlobalSection
	GlobalSection(SolutionProperties) = preSolution
		HideSolutionNode = FALSE
	EndGlobalSection
	GlobalSection(NestedProjects) = preSolution
		{6293D115-4619-4E28-9C78-7AF848526F91} = {75931991-493F-47C4-8205-352349F2F0A3}
		{75931991-493F-47C4-8205-352349F2F0A3} = {2D70E54D-D083-4078-A04C-AB5C1CDBDD5E}
	EndGlobalSection
	GlobalSection(TeamFoundationVersionControl) = preSolution
		SccNumberOfProjects = 3
		SccEnterpriseProvider = {4CA58AB2-18FA-4F8D-95D4-32DDF27D184C}
		SccTeamFoundationServer = https://enginkirmaci.visualstudio.com/
		SccLocalPath0 = .
		SccProjectUniqueName1 = Imaging.Library\\Imaging.Library.csproj
		SccProjectName1 = Imaging.Library
		SccLocalPath1 = Imaging.Library
		SccProjectUniqueName2 = ..\\samples\\Wpf\\EdgeDetection\\EdgeDetection.csproj
		SccProjectTopLevelParentUniqueName2 = Imaging.Library.sln
		SccProjectName2 = ../samples/Wpf/EdgeDetection
		SccLocalPath2 = ..\\samples\\Wpf\\EdgeDetection
	EndGlobalSection
EndGlobal
